{
    "requires": true,
    "lockfileVersion": 1,
    "dependencies": {
        "gitignore": {
            "version": "0.7.0",
            "resolved": "https://registry.npmjs.org/gitignore/-/gitignore-0.7.0.tgz",
            "integrity": "sha512-6iE891OyeYQYVvdoWI/hcxDWJ0sOngSpIRadxLoYbsnZdqWIUsEfx+IrOpW3d/zWBA/eKYvs6ZZx6ogz2wEGoQ=="
        },
        "node": {
            "version": "17.4.0",
            "resolved": "https://registry.npmjs.org/node/-/node-17.4.0.tgz",
            "integrity": "sha512-/kPlbyQjDJa9NEOPmKSTmHOxgq+7wAMWNdU+8B9cXseQXTaF3xYAiYc9dCh3fDUxnrLR/DIqiYEQ85ICqSya8A==",
            "requires": {
                "node-bin-setup": "^1.0.0"
            }
        },
        "node-bin-setup": {
            "version": "1.1.0",
            "resolved": "https://registry.npmjs.org/node-bin-setup/-/node-bin-setup-1.1.0.tgz",
            "integrity": "sha512-pTeU6NgUrexiLNtd+AKwvg6cngHMvj5FZ5e2bbv2ogBSIc9yhkXSSaTScfSRZnwHIh5YFmYSYlemLWkiKD7rog=="
        }
    }
}
